
Microsoft Visual Studio Solution File, Format Version 12.00
# Visual Studio 2012
Project("{FAE04EC0-301F-11D3-BF4B-00C04F79EFBC}") = "Locky.Droid", "Locky.Droid\Locky.Droid.csproj", "{F5A779F2-DC51-407D-9890-BA9C12296332}"
EndProject
Project("{FAE04EC0-301F-11D3-BF4B-00C04F79EFBC}") = "Locky.iOS", "Locky.iOS\Locky.iOS.csproj", "{0FD0CF36-F3C7-4426-9052-FADBA26E96A7}"
EndProject
Project("{FAE04EC0-301F-11D3-BF4B-00C04F79EFBC}") = "Locky.Shared", "Locky.Shared\Locky.Shared.csproj", "{381AC785-B047-4258-A244-E3FCB20723FC}"
EndProject
Global
	GlobalSection(SolutionConfigurationPlatforms) = preSolution
		Debug|Any CPU = Debug|Any CPU
		Release|Any CPU = Release|Any CPU
		Debug|iPhoneSimulator = Debug|iPhoneSimulator
		Release|iPhone = Release|iPhone
		Release|iPhoneSimulator = Release|iPhoneSimulator
		Debug|iPhone = Debug|iPhone
	EndGlobalSection
	GlobalSection(ProjectConfigurationPlatforms) = postSolution
		{0FD0CF36-F3C7-4426-9052-FADBA26E96A7}.Debug|Any CPU.ActiveCfg = Debug|iPhoneSimulator
		{0FD0CF36-F3C7-4426-9052-FADBA26E96A7}.Debug|Any CPU.Build.0 = Debug|iPhoneSimulator
		{0FD0CF36-F3C7-4426-9052-FADBA26E96A7}.Debug|iPhone.ActiveCfg = Debug|iPhone
		{0FD0CF36-F3C7-4426-9052-FADBA26E96A7}.Debug|iPhone.Build.0 = Debug|iPhone
		{0FD0CF36-F3C7-4426-9052-FADBA26E96A7}.Debug|iPhoneSimulator.ActiveCfg = Debug|iPhoneSimulator
		{0FD0CF36-F3C7-4426-9052-FADBA26E96A7}.Debug|iPhoneSimulator.Build.0 = Debug|iPhoneSimulator
		{0FD0CF36-F3C7-4426-9052-FADBA26E96A7}.Release|Any CPU.ActiveCfg = Release|iPhone
		{0FD0CF36-F3C7-4426-9052-FADBA26E96A7}.Release|Any CPU.Build.0 = Release|iPhone
		{0FD0CF36-F3C7-4426-9052-FADBA26E96A7}.Release|iPhone.ActiveCfg = Release|iPhone
		{0FD0CF36-F3C7-4426-9052-FADBA26E96A7}.Release|iPhone.Build.0 = Release|iPhone
		{0FD0CF36-F3C7-4426-9052-FADBA26E96A7}.Release|iPhoneSimulator.ActiveCfg = Release|iPhoneSimulator
		{0FD0CF36-F3C7-4426-9052-FADBA26E96A7}.Release|iPhoneSimulator.Build.0 = Release|iPhoneSimulator
		{381AC785-B047-4258-A244-E3FCB20723FC}.Debug|Any CPU.ActiveCfg = Debug|Any CPU
		{381AC785-B047-4258-A244-E3FCB20723FC}.Debug|Any CPU.Build.0 = Debug|Any CPU
		{381AC785-B047-4258-A244-E3FCB20723FC}.Debug|iPhone.ActiveCfg = Debug|Any CPU
		{381AC785-B047-4258-A244-E3FCB20723FC}.Debug|iPhone.Build.0 = Debug|Any CPU
		{381AC785-B047-4258-A244-E3FCB20723FC}.Debug|iPhoneSimulator.ActiveCfg = Debug|Any CPU
		{381AC785-B047-4258-A244-E3FCB20723FC}.Debug|iPhoneSimulator.Build.0 = Debug|Any CPU
		{381AC785-B047-4258-A244-E3FCB20723FC}.Release|Any CPU.ActiveCfg = Release|Any CPU
		{381AC785-B047-4258-A244-E3FCB20723FC}.Release|Any CPU.Build.0 = Release|Any CPU
		{381AC785-B047-4258-A244-E3FCB20723FC}.Release|iPhone.ActiveCfg = Release|Any CPU
		{381AC785-B047-4258-A244-E3FCB20723FC}.Release|iPhone.Build.0 = Release|Any CPU
		{381AC785-B047-4258-A244-E3FCB20723FC}.Release|iPhoneSimulator.ActiveCfg = Release|Any CPU
		{381AC785-B047-4258-A244-E3FCB20723FC}.Release|iPhoneSimulator.Build.0 = Release|Any CPU
		{F5A779F2-DC51-407D-9890-BA9C12296332}.Debug|Any CPU.ActiveCfg = Debug|Any CPU
		{F5A779F2-DC51-407D-9890-BA9C12296332}.Debug|Any CPU.Build.0 = Debug|Any CPU
		{F5A779F2-DC51-407D-9890-BA9C12296332}.Debug|iPhone.ActiveCfg = Debug|Any CPU
		{F5A779F2-DC51-407D-9890-BA9C12296332}.Debug|iPhone.Build.0 = Debug|Any CPU
		{F5A779F2-DC51-407D-9890-BA9C12296332}.Debug|iPhoneSimulator.ActiveCfg = Debug|Any CPU
		{F5A779F2-DC51-407D-9890-BA9C12296332}.Debug|iPhoneSimulator.Build.0 = Debug|Any CPU
		{F5A779F2-DC51-407D-9890-BA9C12296332}.Release|Any CPU.ActiveCfg = Release|Any CPU
		{F5A779F2-DC51-407D-9890-BA9C12296332}.Release|Any CPU.Build.0 = Release|Any CPU
		{F5A779F2-DC51-407D-9890-BA9C12296332}.Release|iPhone.ActiveCfg = Release|Any CPU
		{F5A779F2-DC51-407D-9890-BA9C12296332}.Release|iPhone.Build.0 = Release|Any CPU
		{F5A779F2-DC51-407D-9890-BA9C12296332}.Release|iPhoneSimulator.ActiveCfg = Release|Any CPU
		{F5A779F2-DC51-407D-9890-BA9C12296332}.Release|iPhoneSimulator.Build.0 = Release|Any CPU
	EndGlobalSection
EndGlobal
